
Microsoft Visual Studio Solution File, Format Version 12.00
# Visual Studio Version 16
VisualStudioVersion = 16.0.31702.278
MinimumVisualStudioVersion = 10.0.40219.1
Project("{FAE04EC0-301F-11D3-BF4B-00C04F79EFBC}") = "MvcProjeK", "MvcProjeK\MvcProjeK.csproj", "{25B9C164-B9F1-4322-8AE1-58D5158F9748}"
EndProject
Project("{FAE04EC0-301F-11D3-BF4B-00C04F79EFBC}") = "EntityLayer", "EntityLayer\EntityLayer.csproj", "{70A65577-BC2F-46AC-9320-AABDCCEFB785}"
EndProject
Project("{FAE04EC0-301F-11D3-BF4B-00C04F79EFBC}") = "DataAccessLayer", "DataAccessLayer\DataAccessLayer.csproj", "{0D88431D-FE85-4481-B396-1A565F490487}"
EndProject
Project("{FAE04EC0-301F-11D3-BF4B-00C04F79EFBC}") = "BusinessLayer", "BusinessLayer\BusinessLayer.csproj", "{ED3AB3F9-EED8-4D7D-8278-F7FDB137841F}"
EndProject
Global
	GlobalSection(SolutionConfigurationPlatforms) = preSolution
		Debug|Any CPU = Debug|Any CPU
		Release|Any CPU = Release|Any CPU
	EndGlobalSection
	GlobalSection(ProjectConfigurationPlatforms) = postSolution
		{25B9C164-B9F1-4322-8AE1-58D5158F9748}.Debug|Any CPU.ActiveCfg = Debug|Any CPU
		{25B9C164-B9F1-4322-8AE1-58D5158F9748}.Debug|Any CPU.Build.0 = Debug|Any CPU
		{25B9C164-B9F1-4322-8AE1-58D5158F9748}.Release|Any CPU.ActiveCfg = Release|Any CPU
		{25B9C164-B9F1-4322-8AE1-58D5158F9748}.Release|Any CPU.Build.0 = Release|Any CPU
		{70A65577-BC2F-46AC-9320-AABDCCEFB785}.Debug|Any CPU.ActiveCfg = Debug|Any CPU
		{70A65577-BC2F-46AC-9320-AABDCCEFB785}.Debug|Any CPU.Build.0 = Debug|Any CPU
		{70A65577-BC2F-46AC-9320-AABDCCEFB785}.Release|Any CPU.ActiveCfg = Release|Any CPU
		{70A65577-BC2F-46AC-9320-AABDCCEFB785}.Release|Any CPU.Build.0 = Release|Any CPU
		{0D88431D-FE85-4481-B396-1A565F490487}.Debug|Any CPU.ActiveCfg = Debug|Any CPU
		{0D88431D-FE85-4481-B396-1A565F490487}.Debug|Any CPU.Build.0 = Debug|Any CPU
		{0D88431D-FE85-4481-B396-1A565F490487}.Release|Any CPU.ActiveCfg = Release|Any CPU
		{0D88431D-FE85-4481-B396-1A565F490487}.Release|Any CPU.Build.0 = Release|Any CPU
		{ED3AB3F9-EED8-4D7D-8278-F7FDB137841F}.Debug|Any CPU.ActiveCfg = Debug|Any CPU
		{ED3AB3F9-EED8-4D7D-8278-F7FDB137841F}.Debug|Any CPU.Build.0 = Debug|Any CPU
		{ED3AB3F9-EED8-4D7D-8278-F7FDB137841F}.Release|Any CPU.ActiveCfg = Release|Any CPU
		{ED3AB3F9-EED8-4D7D-8278-F7FDB137841F}.Release|Any CPU.Build.0 = Release|Any CPU
	EndGlobalSection
	GlobalSection(SolutionProperties) = preSolution
		HideSolutionNode = FALSE
	EndGlobalSection
	GlobalSection(ExtensibilityGlobals) = postSolution
		SolutionGuid = {5D96ABEB-FE97-4DD7-8052-76A6BDEB5800}
	EndGlobalSection
EndGlobal
